### YamlMime:UniversalReference
items:
- uid: az_lock
  name: az lock
  summary: Manage Azure locks.
  langs:
  - azurecli
  children:
  - az_lock_create
  - az_lock_delete
  - az_lock_list
  - az_lock_show
  - az_lock_update
- uid: az_lock_create
  name: az lock create
  summary: Create a lock.
  langs:
  - azurecli
  examples:
  - summary: Update a subscription level lock with new notes
    syntax:
      content: az lock update --name lockName --resource-group group --notes newNotesHere
  parameters:
  - isRequired: true
    name: --name -n
    summary: The name of the lock.
  - name: --lock-type -t
    parameterValueGroup: CanNotDelete, NotSpecified, ReadOnly
    summary: ''
  - name: --namespace
    summary: "Provider namespace (Ex: 'Microsoft.Provider')."
  - name: --notes
    summary: Notes about this lock.
  - name: --parent
    summary: "The parent path (Ex: 'resA/myA/resB/myB')."
  - name: --resource-group -g
    summary: Name of resource group. You can configure the default group using az configure --defaults group=<name>.
  - name: --resource-name
    summary: Name of a resource that has a lock.
  - name: --resource-type
    summary: "The resource type (Ex: 'resC'). Can also accept namespace/type format (Ex: 'Microsoft.Provider/resC')."
- uid: az_lock_delete
  name: az lock delete
  summary: ''
  langs:
  - azurecli
  parameters:
  - isRequired: true
    name: --name -n
    summary: The name of the lock.
  - name: --namespace
    summary: "Provider namespace (Ex: 'Microsoft.Provider')."
  - name: --parent
    summary: "The parent path (Ex: 'resA/myA/resB/myB')."
  - name: --resource-group -g
    summary: Name of resource group. You can configure the default group using az configure --defaults group=<name>.
  - name: --resource-name
    summary: Name of a resource that has a lock.
  - name: --resource-type
    summary: "The resource type (Ex: 'resC'). Can also accept namespace/type format (Ex: 'Microsoft.Provider/resC')."
- uid: az_lock_list
  name: az lock list
  summary: ''
  langs:
  - azurecli
  parameters:
  - name: --filter-string
    summary: A query filter to use to restrict the results.
  - name: --namespace
    summary: "Provider namespace (Ex: 'Microsoft.Provider')."
  - name: --parent
    summary: "The parent path (Ex: 'resA/myA/resB/myB')."
  - name: --resource-group -g
    summary: Name of resource group. You can configure the default group using az configure --defaults group=<name>.
  - name: --resource-name
    summary: Name of a resource that has a lock.
  - name: --resource-type
    summary: "The resource type (Ex: 'resC'). Can also accept namespace/type format (Ex: 'Microsoft.Provider/resC')."
- uid: az_lock_show
  name: az lock show
  summary: ''
  langs:
  - azurecli
  parameters:
  - isRequired: true
    name: --name -n
    summary: The name of the lock.
  - name: --namespace
    summary: "Provider namespace (Ex: 'Microsoft.Provider')."
  - name: --parent
    summary: "The parent path (Ex: 'resA/myA/resB/myB')."
  - name: --resource-group -g
    summary: Name of resource group. You can configure the default group using az configure --defaults group=<name>.
  - name: --resource-name
    summary: ''
  - name: --resource-type
    summary: "The resource type (Ex: 'resC'). Can also accept namespace/type format (Ex: 'Microsoft.Provider/resC')."
- uid: az_lock_update
  name: az lock update
  summary: Update the properties of a lock.
  langs:
  - azurecli
  examples:
  - summary: Update a subscription level lock with new notes
    syntax:
      content: az lock update --name lockName --resource-group group --notes newNotesHere
  parameters:
  - isRequired: true
    name: --name -n
    summary: ''
  - name: --lock-type -t
    parameterValueGroup: CanNotDelete, NotSpecified, ReadOnly
    summary: ''
  - name: --notes
    summary: Notes about this lock.
  - name: --resource-group -g
    summary: Name of resource group. You can configure the default group using az configure --defaults group=<name>.
commands:
- uid: az_lock_create
  name: az lock create
  summary: Create a lock.
- uid: az_lock_delete
  name: az lock delete
  summary: ''
- uid: az_lock_list
  name: az lock list
  summary: ''
- uid: az_lock_show
  name: az lock show
  summary: ''
- uid: az_lock_update
  name: az lock update
  summary: Update the properties of a lock.
globalParameters:
- name: --debug
  summary: Increase logging verbosity to show all debug logs.
- name: --help -h
  summary: Show this help message and exit.
- name: --output -o
  defaultValue: json
  parameterValueGroup: json, jsonc, table, tsv
  summary: Output format.
- name: --query
  summary: JMESPath query string. See <a href="http://jmespath.org/">http://jmespath.org/</a> for more information and examples.
- name: --verbose
  summary: Increase logging verbosity. Use --debug for full debug logs.
