### YamlMime:UniversalReference
items:
- uid: az_lock
  name: az lock
  summary: Manage Azure locks.
  description: ''
  langs:
  - azurecli
  children:
  - az_lock_create
  - az_lock_delete
  - az_lock_list
  - az_lock_show
  - az_lock_update
- uid: az_lock_create
  name: az lock create
  summary: Create a lock.
  description: 'Locks can exist at three different scopes: subscription, resource group and resource.'
  langs:
  - azurecli
  examples:
  - summary: Create a read-only subscription level lock.
    syntax:
      content: az lock create --name lockName --resource-group group --lock-type ReadOnly
  parameters:
  - isRequired: true
    name: --lock-type -t
    parameterValueGroup: CanNotDelete, ReadOnly
    summary: ''
    description: ''
  - isRequired: true
    name: --name -n
    summary: Name of the lock.
    description: ''
  - name: --namespace
    summary: "Provider namespace (Ex: 'Microsoft.Provider')."
    description: ''
  - name: --notes
    summary: Notes about this lock.
    description: ''
  - name: --parent
    summary: "The parent path (Ex: 'resA/myA/resB/myB')."
    description: ''
  - name: --resource --resource-name
    summary: Name or ID of the resource being locked. If an ID is given, other resource arguments should not be given.
    description: ''
  - name: --resource-group -g
    summary: Name of resource group. You can configure the default group using `az configure --defaults group=&lt;name&gt;`.
    description: ''
  - name: --resource-type
    summary: "The resource type (Ex: 'resC'). Can also accept namespace/type format (Ex: 'Microsoft.Provider/resC')."
    description: ''
- uid: az_lock_delete
  name: az lock delete
  summary: Delete a lock.
  description: ''
  langs:
  - azurecli
  examples:
  - summary: Delete a resource group-level lock
    syntax:
      content: az lock delete --name lockName --resource-group group
  parameters:
  - name: --ids
    summary: One or more resource IDs (space-delimited). If provided, no other "Resource Id" arguments should be specified.
    description: ''
  - name: --name -n
    summary: Name of the lock.
    description: ''
  - name: --namespace
    summary: "Provider namespace (Ex: 'Microsoft.Provider')."
    description: ''
  - name: --parent
    summary: "The parent path (Ex: 'resA/myA/resB/myB')."
    description: ''
  - name: --resource --resource-name
    summary: Name or ID of the resource being locked. If an ID is given, other resource arguments should not be given.
    description: ''
  - name: --resource-group -g
    summary: Name of resource group. You can configure the default group using `az configure --defaults group=&lt;name&gt;`.
    description: ''
  - name: --resource-type
    summary: "The resource type (Ex: 'resC'). Can also accept namespace/type format (Ex: 'Microsoft.Provider/resC')."
    description: ''
- uid: az_lock_list
  name: az lock list
  summary: List lock information.
  description: ''
  langs:
  - azurecli
  examples:
  - summary: List out the locks on a vnet resource. Includes locks in the associated group and subscription.
    syntax:
      content: az lock list --resource myvnet --resource-type Microsoft.Network/virtualNetworks -g group
  - summary: List out all locks on the subscription level
    syntax:
      content: az lock list
  parameters:
  - name: --filter-string
    summary: A query filter to use to restrict the results.
    description: ''
  - name: --namespace
    summary: "Provider namespace (Ex: 'Microsoft.Provider')."
    description: ''
  - name: --parent
    summary: "The parent path (Ex: 'resA/myA/resB/myB')."
    description: ''
  - name: --resource --resource-name
    summary: Name or ID of the resource being locked. If an ID is given, other resource arguments should not be given.
    description: ''
  - name: --resource-group -g
    summary: Name of resource group. You can configure the default group using `az configure --defaults group=&lt;name&gt;`.
    description: ''
  - name: --resource-type
    summary: "The resource type (Ex: 'resC'). Can also accept namespace/type format (Ex: 'Microsoft.Provider/resC')."
    description: ''
- uid: az_lock_show
  name: az lock show
  summary: Show the properties of a lock.
  description: ''
  langs:
  - azurecli
  examples:
  - summary: Show a subscription level lock
    syntax:
      content: az lock show -n lockname
  parameters:
  - name: --ids
    summary: One or more resource IDs (space-delimited). If provided, no other "Resource Id" arguments should be specified.
    description: ''
  - name: --name -n
    summary: Name of the lock.
    description: ''
  - name: --namespace
    summary: "Provider namespace (Ex: 'Microsoft.Provider')."
    description: ''
  - name: --parent
    summary: "The parent path (Ex: 'resA/myA/resB/myB')."
    description: ''
  - name: --resource --resource-name
    summary: Name or ID of the resource being locked. If an ID is given, other resource arguments should not be given.
    description: ''
  - name: --resource-group -g
    summary: Name of resource group. You can configure the default group using `az configure --defaults group=&lt;name&gt;`.
    description: ''
  - name: --resource-type
    summary: "The resource type (Ex: 'resC'). Can also accept namespace/type format (Ex: 'Microsoft.Provider/resC')."
    description: ''
- uid: az_lock_update
  name: az lock update
  summary: Update a lock.
  description: ''
  langs:
  - azurecli
  examples:
  - summary: Update a resource group level lock with new notes and type
    syntax:
      content: az lock update --name lockName --resource-group group --notes newNotesHere --lock-type CanNotDelete
  parameters:
  - name: --ids
    summary: One or more resource IDs (space-delimited). If provided, no other "Resource Id" arguments should be specified.
    description: ''
  - name: --lock-type -t
    parameterValueGroup: CanNotDelete, ReadOnly
    summary: ''
    description: ''
  - name: --name -n
    summary: Name of the lock.
    description: ''
  - name: --namespace
    summary: "Provider namespace (Ex: 'Microsoft.Provider')."
    description: ''
  - name: --notes
    summary: Notes about this lock.
    description: ''
  - name: --parent
    summary: "The parent path (Ex: 'resA/myA/resB/myB')."
    description: ''
  - name: --resource --resource-name
    summary: Name or ID of the resource being locked. If an ID is given, other resource arguments should not be given.
    description: ''
  - name: --resource-group -g
    summary: Name of resource group. You can configure the default group using `az configure --defaults group=&lt;name&gt;`.
    description: ''
  - name: --resource-type
    summary: "The resource type (Ex: 'resC'). Can also accept namespace/type format (Ex: 'Microsoft.Provider/resC')."
    description: ''
commands:
- uid: az_lock_create
  name: az lock create
  summary: Create a lock.
- uid: az_lock_delete
  name: az lock delete
  summary: Delete a lock.
- uid: az_lock_list
  name: az lock list
  summary: List lock information.
- uid: az_lock_show
  name: az lock show
  summary: Show the properties of a lock.
- uid: az_lock_update
  name: az lock update
  summary: Update a lock.
globalParameters:
- name: --debug
  summary: Increase logging verbosity to show all debug logs.
- name: --help -h
  summary: Show this help message and exit.
- name: --output -o
  defaultValue: json
  parameterValueGroup: json, jsonc, table, tsv
  summary: Output format.
- name: --query
  summary: JMESPath query string. See <a href="http://jmespath.org/">http://jmespath.org/</a> for more information and examples.
- name: --verbose
  summary: Increase logging verbosity. Use --debug for full debug logs.
