### YamlMime:UniversalReference
items:
- uid: az_resource_lock
  name: az resource lock
  summary: Manage Azure resource level locks.
  description: ''
  langs:
  - azurecli
  children:
  - az_resource_lock_create
  - az_resource_lock_delete
  - az_resource_lock_list
  - az_resource_lock_show
  - az_resource_lock_update
- uid: az_resource_lock_create
  name: az resource lock create
  summary: Create a resource-level lock.
  description: ''
  langs:
  - azurecli
  examples:
  - summary: Create a read-only resource level lock on a vnet.
    syntax:
      content: az resource lock create --lock-type ReadOnly -n lockName -g MyResourceGroup --resource myvnet --resource-type Microsoft.Network/virtualNetworks
  - summary: Create a read-only resource level lock on a vnet using a vnet id.
    syntax:
      content: az resource lock create --lock-type ReadOnly -n lockName --resource /subscriptions/{SubID}/resourceGroups/{ResourceGroup}/providers/Microsoft.Network/virtualNetworks/{VNETName}
  parameters:
  - isRequired: true
    name: --level
    summary: ''
    description: ''
  - isRequired: true
    name: --lock-name
    summary: ''
    description: ''
  - name: --notes
    summary: Notes about this lock.
    description: ''
  - name: --parent-resource-path
    summary: Path to a parent resource.
    description: ''
  - name: --resource-group
    summary: ''
    description: ''
  - name: --resource-name
    summary: Name of a resource that has a lock.
    description: ''
  - name: --resource-provider-namespace
    summary: Name of a resource provider.
    description: ''
  - name: --resource-type
    summary: The type for the resource with the lock.
    description: ''
  source:
    path: src/command_modules/azure-cli-resource/azure/cli/command_modules/resource/_help.py
    remote:
      branch: master
      path: src/command_modules/azure-cli-resource/azure/cli/command_modules/resource/_help.py
      repo: https://github.com/Azure/azure-cli.git
- uid: az_resource_lock_delete
  name: az resource lock delete
  summary: Delete a resource-level lock.
  description: ''
  langs:
  - azurecli
  examples:
  - summary: Delete a resource level lock
    syntax:
      content: az resource lock delete --name lockName -g MyResourceGroup --resource myvnet --resource-type Microsoft.Network/virtualNetworks
  - summary: Delete a resource level lock on a vnet using a vnet id.
    syntax:
      content: az resource lock delete -n lockName --resource /subscriptions/{SubID}/resourceGroups/{ResourceGroup}/providers/Microsoft.Network/virtualNetworks/{VMName}
  parameters:
  - name: --ids
    summary: ''
    description: ''
  - name: --lock-name
    summary: ''
    description: ''
  - name: --parent-resource-path
    summary: Path to a parent resource.
    description: ''
  - name: --resource-group
    summary: ''
    description: ''
  - name: --resource-name
    summary: Name of a resource that has a lock.
    description: ''
  - name: --resource-provider-namespace
    summary: Name of a resource provider.
    description: ''
  - name: --resource-type
    summary: The type for the resource with the lock.
    description: ''
  source:
    path: src/command_modules/azure-cli-resource/azure/cli/command_modules/resource/_help.py
    remote:
      branch: master
      path: src/command_modules/azure-cli-resource/azure/cli/command_modules/resource/_help.py
      repo: https://github.com/Azure/azure-cli.git
- uid: az_resource_lock_list
  name: az resource lock list
  summary: List lock information in the resource-level.
  description: ''
  langs:
  - azurecli
  examples:
  - summary: List out all locks on a vnet
    syntax:
      content: az resource lock list -g MyResourceGroup --resource myvnet --resource-type Microsoft.Network/virtualNetworks
  parameters:
  - name: --filter-string
    summary: A query filter to use to restrict the results.
    description: ''
  - name: --parent-resource-path
    summary: Path to a parent resource.
    description: ''
  - name: --resource-group
    summary: ''
    description: ''
  - name: --resource-name
    summary: Name of a resource that has a lock.
    description: ''
  - name: --resource-provider-namespace
    summary: Name of a resource provider.
    description: ''
  - name: --resource-type
    summary: The type for the resource with the lock.
    description: ''
  source:
    path: src/command_modules/azure-cli-resource/azure/cli/command_modules/resource/_help.py
    remote:
      branch: master
      path: src/command_modules/azure-cli-resource/azure/cli/command_modules/resource/_help.py
      repo: https://github.com/Azure/azure-cli.git
- uid: az_resource_lock_show
  name: az resource lock show
  summary: Show the details of a resource-level lock.
  description: ''
  langs:
  - azurecli
  examples:
  - summary: Show a resource level lock
    syntax:
      content: az resource lock show -n lockname -g MyResourceGroup --resource myvnet --resource-type Microsoft.Network/virtualNetworks
  parameters:
  - name: --ids
    summary: ''
    description: ''
  - name: --lock-name
    summary: ''
    description: ''
  - name: --parent-resource-path
    summary: ''
    description: ''
  - name: --resource-group
    summary: ''
    description: ''
  - name: --resource-name
    summary: ''
    description: ''
  - name: --resource-provider-namespace
    summary: ''
    description: ''
  - name: --resource-type
    summary: ''
    description: ''
  source:
    path: src/command_modules/azure-cli-resource/azure/cli/command_modules/resource/_help.py
    remote:
      branch: master
      path: src/command_modules/azure-cli-resource/azure/cli/command_modules/resource/_help.py
      repo: https://github.com/Azure/azure-cli.git
- uid: az_resource_lock_update
  name: az resource lock update
  summary: Update a resource-level lock.
  description: ''
  langs:
  - azurecli
  examples:
  - summary: Update a resource level lock with new notes and type
    syntax:
      content: az resource lock update --name lockName -g MyResourceGroup --resource myvnet --resource-type Microsoft.Network/virtualNetworks --notes newNotesHere --lock-type CanNotDelete
  parameters:
  - name: --ids
    summary: ''
    description: ''
  - name: --level
    summary: ''
    description: ''
  - name: --lock-name
    summary: ''
    description: ''
  - name: --notes
    summary: ''
    description: ''
  - name: --parent-resource-path
    summary: ''
    description: ''
  - name: --resource-group
    summary: ''
    description: ''
  - name: --resource-name
    summary: ''
    description: ''
  - name: --resource-provider-namespace
    summary: ''
    description: ''
  - name: --resource-type
    summary: ''
    description: ''
  source:
    path: src/command_modules/azure-cli-resource/azure/cli/command_modules/resource/_help.py
    remote:
      branch: master
      path: src/command_modules/azure-cli-resource/azure/cli/command_modules/resource/_help.py
      repo: https://github.com/Azure/azure-cli.git
commands:
- uid: az_resource_lock_create
  name: az resource lock create
  summary: Create a resource-level lock.
- uid: az_resource_lock_delete
  name: az resource lock delete
  summary: Delete a resource-level lock.
- uid: az_resource_lock_list
  name: az resource lock list
  summary: List lock information in the resource-level.
- uid: az_resource_lock_show
  name: az resource lock show
  summary: Show the details of a resource-level lock.
- uid: az_resource_lock_update
  name: az resource lock update
  summary: Update a resource-level lock.
globalParameters:
- name: --debug
  summary: Increase logging verbosity to show all debug logs.
- name: --help -h
  summary: Show this help message and exit.
- name: --output -o
  defaultValue: json
  parameterValueGroup: json, jsonc, table, tsv
  summary: Output format.
- name: --query
  summary: JMESPath query string. See <a href="http://jmespath.org/">http://jmespath.org/</a> for more information and examples.
- name: --verbose
  summary: Increase logging verbosity. Use --debug for full debug logs.
doc_source_url_repo: https://github.com/Azure/azure-cli/blob/master/
doc_source_url_path: src/command_modules/azure-cli-resource/azure/cli/command_modules/resource/_help.py
original_content_git_url: https://github.com/Azure/azure-cli/blob/master/src/command_modules/azure-cli-resource/azure/cli/command_modules/resource/_help.py
gitcommit: https://github.com/Azure/azure-cli/blob/d46ec3457dc3e3338a225e92b7c86fb51d30c859/src/command_modules/azure-cli-resource/azure/cli/command_modules/resource/_help.py
updated_at: 10/30/2018 9:54:17 PM
ms.date: 10/30/2018
description: Manage Azure resource level locks.
