### YamlMime:AzureCLIGroup
uid: az_account_lock
name: az account lock
summary: |-
  Manage Azure subscription level locks.
status: GA
sourceType: Core
directCommands:
- uid: az_account_lock_create
  name: az account lock create
  summary: |-
    Create a subscription lock.
  status: GA
  sourceType: Core
  editLink: https://github.com/Azure/azure-cli/blob/dev/src/azure-cli/azure/cli/command_modules/profile/_help.py
  syntax: >-
    az account lock create --lock-type {CanNotDelete, ReadOnly}
                           --name
                           [--notes]
  examples:
  - summary: |-
      Create a read-only subscription level lock.
    syntax: az account lock create --lock-type ReadOnly -n lockName
  requiredParameters:
  - isRequired: true
    name: --lock-type -t
    parameterValueGroup: "CanNotDelete, ReadOnly"
    summary: |-
      The type of lock restriction.
  - isRequired: true
    name: --name -n
    summary: |-
      Name of the lock.
  optionalParameters:
  - name: --notes
    summary: |-
      Notes about this lock.
- uid: az_account_lock_delete
  name: az account lock delete
  summary: |-
    Delete a subscription lock.
  status: GA
  sourceType: Core
  editLink: https://github.com/Azure/azure-cli/blob/dev/src/azure-cli/azure/cli/command_modules/profile/_help.py
  syntax: >-
    az account lock delete [--ids]
                           [--name]
  examples:
  - summary: |-
      Delete a subscription lock
    syntax: az account lock delete --name lockName
  optionalParameters:
  - name: --ids
    summary: |-
      One or more resource IDs (space-delimited). If provided, no other "Resource Id" arguments should be specified.
  - name: --name -n
    summary: |-
      Name of the lock.
- uid: az_account_lock_list
  name: az account lock list
  summary: |-
    List lock information in the subscription.
  status: GA
  sourceType: Core
  editLink: https://github.com/Azure/azure-cli/blob/dev/src/azure-cli/azure/cli/command_modules/profile/_help.py
  syntax: az account lock list [--filter-string]
  examples:
  - summary: |-
      List out all locks on the subscription level
    syntax: az account lock list
  optionalParameters:
  - name: --filter-string
    summary: |-
      A query filter to use to restrict the results.
- uid: az_account_lock_show
  name: az account lock show
  summary: |-
    Show the details of a subscription lock.
  status: GA
  sourceType: Core
  editLink: https://github.com/Azure/azure-cli/blob/dev/src/azure-cli/azure/cli/command_modules/profile/_help.py
  syntax: >-
    az account lock show [--ids]
                         [--name]
  examples:
  - summary: |-
      Show a subscription level lock
    syntax: az account lock show -n lockname
  optionalParameters:
  - name: --ids
    summary: |-
      One or more resource IDs (space-delimited). If provided, no other "Resource Id" arguments should be specified.
  - name: --name -n
    summary: |-
      Name of the lock.
- uid: az_account_lock_update
  name: az account lock update
  summary: |-
    Update a subscription lock.
  status: GA
  sourceType: Core
  editLink: https://github.com/Azure/azure-cli/blob/dev/src/azure-cli/azure/cli/command_modules/profile/_help.py
  syntax: >-
    az account lock update [--ids]
                           [--lock-type {CanNotDelete, ReadOnly}]
                           [--name]
                           [--notes]
  examples:
  - summary: |-
      Update a subscription lock with new notes and type
    syntax: az account lock update --name lockName --notes newNotesHere --lock-type CanNotDelete
  optionalParameters:
  - name: --ids
    summary: |-
      One or more resource IDs (space-delimited). If provided, no other "Resource Id" arguments should be specified.
  - name: --lock-type -t
    parameterValueGroup: "CanNotDelete, ReadOnly"
    summary: |-
      The type of lock restriction.
  - name: --name -n
    summary: |-
      Name of the lock.
  - name: --notes
    summary: |-
      Notes about this lock.
commands:
- az_account_lock_create
- az_account_lock_delete
- az_account_lock_list
- az_account_lock_show
- az_account_lock_update
globalParameters:
- name: --debug
  summary: |-
    Increase logging verbosity to show all debug logs.
- name: --help -h
  summary: |-
    Show this help message and exit.
- name: --only-show-errors
  summary: |-
    Only show errors, suppressing warnings.
- name: --output -o
  defaultValue: "json"
  parameterValueGroup: "json, jsonc, table, tsv"
  summary: |-
    Output format.
- name: --query
  summary: |-
    JMESPath query string. See <a href="http://jmespath.org/">http://jmespath.org/</a> for more information and examples.
- name: --subscription
  summary: |-
    Name or ID of subscription. You can configure the default subscription using `az account set -s NAME_OR_ID`.
- name: --verbose
  summary: |-
    Increase logging verbosity. Use --debug for full debug logs.
metadata:
  ms.date: 09/19/2023
  description: Manage Azure subscription level locks.
