### YamlMime:AzureCLIGroup
uid: az_account_lock
name: az account lock
summary: Manage Azure subscription level locks.
description: ''
directCommands:
- uid: az_account_lock_create
  name: az account lock create
  summary: Create a subscription lock.
  description: ''
  syntax: >-
    az account lock create --lock-type {CanNotDelete, ReadOnly}
                           --name
                           [--notes]
  examples:
  - summary: Create a read-only subscription level lock.
    syntax: az account lock create --lock-type ReadOnly -n lockName
  requiredParameters:
  - isRequired: true
    name: --lock-type -t
    parameterValueGroup: CanNotDelete, ReadOnly
    summary: The type of lock restriction.
    description: ''
  - isRequired: true
    name: --name -n
    summary: Name of the lock.
    description: ''
  optionalParameters:
  - name: --notes
    summary: Notes about this lock.
    description: ''
  editLink: https://github.com/Azure/azure-cli/blob/dev/src/azure-cli/azure/cli/command_modules/profile/_help.py
- uid: az_account_lock_delete
  name: az account lock delete
  summary: Delete a subscription lock.
  description: ''
  syntax: >-
    az account lock delete [--ids]
                           [--name]
  examples:
  - summary: Delete a subscription lock
    syntax: az account lock delete --name lockName
  optionalParameters:
  - name: --ids
    summary: One or more resource IDs (space-delimited). If provided, no other "Resource Id" arguments should be specified.
    description: ''
  - name: --name -n
    summary: Name of the lock.
    description: ''
  editLink: https://github.com/Azure/azure-cli/blob/dev/src/azure-cli/azure/cli/command_modules/profile/_help.py
- uid: az_account_lock_list
  name: az account lock list
  summary: List lock information in the subscription.
  description: ''
  syntax: >-
    az account lock list [--filter-string]
                         [--query-examples]
  examples:
  - summary: List out all locks on the subscription level
    syntax: az account lock list
  optionalParameters:
  - name: --filter-string
    summary: A query filter to use to restrict the results.
    description: ''
  - name: --query-examples
    summary: Recommend JMESPath string for you. You can copy one of the query and paste it after --query parameter within double quotation marks to see the results. You can add one or more positional keywords so that we can give suggestions based on these key words.
    description: ''
  editLink: https://github.com/Azure/azure-cli/blob/dev/src/azure-cli/azure/cli/command_modules/profile/_help.py
- uid: az_account_lock_show
  name: az account lock show
  summary: Show the details of a subscription lock.
  description: ''
  syntax: >-
    az account lock show [--ids]
                         [--name]
                         [--query-examples]
  examples:
  - summary: Show a subscription level lock
    syntax: az account lock show -n lockname
  optionalParameters:
  - name: --ids
    summary: One or more resource IDs (space-delimited). If provided, no other "Resource Id" arguments should be specified.
    description: ''
  - name: --name -n
    summary: Name of the lock.
    description: ''
  - name: --query-examples
    summary: Recommend JMESPath string for you. You can copy one of the query and paste it after --query parameter within double quotation marks to see the results. You can add one or more positional keywords so that we can give suggestions based on these key words.
    description: ''
  editLink: https://github.com/Azure/azure-cli/blob/dev/src/azure-cli/azure/cli/command_modules/profile/_help.py
- uid: az_account_lock_update
  name: az account lock update
  summary: Update a subscription lock.
  description: ''
  syntax: >-
    az account lock update [--ids]
                           [--lock-type {CanNotDelete, ReadOnly}]
                           [--name]
                           [--notes]
  examples:
  - summary: Update a subscription lock with new notes and type
    syntax: az account lock update --name lockName --notes newNotesHere --lock-type CanNotDelete
  optionalParameters:
  - name: --ids
    summary: One or more resource IDs (space-delimited). If provided, no other "Resource Id" arguments should be specified.
    description: ''
  - name: --lock-type -t
    parameterValueGroup: CanNotDelete, ReadOnly
    summary: The type of lock restriction.
    description: ''
  - name: --name -n
    summary: Name of the lock.
    description: ''
  - name: --notes
    summary: Notes about this lock.
    description: ''
  editLink: https://github.com/Azure/azure-cli/blob/dev/src/azure-cli/azure/cli/command_modules/profile/_help.py
commands:
- az_account_lock_create
- az_account_lock_delete
- az_account_lock_list
- az_account_lock_show
- az_account_lock_update
globalParameters:
- name: --debug
  summary: Increase logging verbosity to show all debug logs.
- name: --help -h
  summary: Show this help message and exit.
- name: --only-show-errors
  summary: Only show errors, suppressing warnings.
- name: --output -o
  defaultValue: json
  parameterValueGroup: json, jsonc, table, tsv
  summary: Output format.
- name: --query
  summary: JMESPath query string. See <a href="http://jmespath.org/">http://jmespath.org/</a> for more information and examples.
- name: --verbose
  summary: Increase logging verbosity. Use --debug for full debug logs.
metadata:
  doc_source_url_repo: https://github.com/Azure/azure-cli/blob/dev/
  ms.date: 03/16/2020
  description: Manage Azure subscription level locks.
