### YamlMime:AzureCLIGroup
uid: az_resource_lock
name: az resource lock
summary: |-
  Manage Azure resource level locks.
status: GA
sourceType: Core
directCommands:
- uid: az_resource_lock_create
  name: az resource lock create
  summary: |-
    Create a resource-level lock.
  status: GA
  sourceType: Core
  editLink: https://github.com/Azure/azure-cli/blob/dev/src/azure-cli/azure/cli/command_modules/resource/_help.py
  syntax: >-
    az resource lock create --lock-type {CanNotDelete, ReadOnly}
                            --name
                            [--namespace]
                            [--notes]
                            [--parent]
                            [--resource --resource-name]
                            [--resource-group]
                            [--resource-type]
  examples:
  - summary: |-
      Create a read-only resource level lock on a vnet.
    syntax: az resource lock create --lock-type ReadOnly -n lockName -g MyResourceGroup --resource myvnet --resource-type Microsoft.Network/virtualNetworks
  - summary: |-
      Create a read-only resource level lock on a vnet using a vnet id.
    syntax: az resource lock create --lock-type ReadOnly -n lockName --resource /subscriptions/{SubID}/resourceGroups/{ResourceGroup}/providers/Microsoft.Network/virtualNetworks/{VNETName}
  requiredParameters:
  - isRequired: true
    name: --lock-type -t
    acceptedValues: CanNotDelete, ReadOnly
    summary: |-
      The type of lock restriction.
  - isRequired: true
    name: --name -n
    summary: |-
      Name of the lock.
  optionalParameters:
  - name: --namespace
    summary: |-
      Provider namespace (Ex: 'Microsoft.Provider').
    groupName: Resource Id Arguments
  - name: --notes
    summary: |-
      Notes about this lock.
  - name: --parent
    summary: |-
      The parent path (Ex: 'resA/myA/resB/myB').
    groupName: Resource Id Arguments
  - name: --resource --resource-name
    summary: |-
      If an ID is given, other resource arguments should not be given.
    groupName: Resource Id Arguments
  - name: --resource-group -g
    summary: |-
      Name of resource group. You can configure the default group using `az configure --defaults group=<name>`.
  - name: --resource-type
    summary: |-
      The resource type (Ex: 'resC'). Can also accept namespace/type format (Ex: 'Microsoft.Provider/resC').
    groupName: Resource Id Arguments
  globalParameters:
  - name: --debug
    defaultValue: "False"
    summary: |-
      Increase logging verbosity to show all debug logs.
  - name: --help -h
    summary: |-
      Show this help message and exit.
  - name: --only-show-errors
    defaultValue: "False"
    summary: |-
      Only show errors, suppressing warnings.
  - name: --output -o
    defaultValue: json
    acceptedValues: json, jsonc, none, table, tsv, yaml, yamlc
    summary: |-
      Output format.
  - name: --query
    summary: |-
      JMESPath query string. See http://jmespath.org/ for more information and examples.
  - name: --subscription
    summary: |-
      Name or ID of subscription. You can configure the default subscription using `az account set -s NAME_OR_ID`.
  - name: --verbose
    defaultValue: "False"
    summary: |-
      Increase logging verbosity. Use --debug for full debug logs.
- uid: az_resource_lock_delete
  name: az resource lock delete
  summary: |-
    Delete a resource-level lock.
  status: GA
  sourceType: Core
  editLink: https://github.com/Azure/azure-cli/blob/dev/src/azure-cli/azure/cli/command_modules/resource/_help.py
  syntax: >-
    az resource lock delete [--ids]
                            [--name]
                            [--namespace]
                            [--parent]
                            [--resource --resource-name]
                            [--resource-group]
                            [--resource-type]
  examples:
  - summary: |-
      Delete a resource level lock
    syntax: az resource lock delete --name lockName -g MyResourceGroup --resource myvnet --resource-type Microsoft.Network/virtualNetworks
  - summary: |-
      Delete a resource level lock on a vnet using a vnet id.
    syntax: az resource lock delete -n lockName --resource /subscriptions/{SubID}/resourceGroups/{ResourceGroup}/providers/Microsoft.Network/virtualNetworks/{VMName}
  - summary: |-
      Delete a resource-level lock. (autogenerated)
    syntax: az resource lock delete --ids /subscriptions/{SubID}/resourceGroups/{ResourceGroup}/providers/Microsoft.Web/sites/{WebApp}
  optionalParameters:
  - name: --ids
    summary: |-
      One or more resource IDs (space-delimited). If provided, no other "Resource Id" arguments should be specified.
  - name: --name -n
    summary: |-
      Name of the lock.
  - name: --namespace
    summary: |-
      Provider namespace (Ex: 'Microsoft.Provider').
    groupName: Resource Id Arguments
  - name: --parent
    summary: |-
      The parent path (Ex: 'resA/myA/resB/myB').
    groupName: Resource Id Arguments
  - name: --resource --resource-name
    summary: |-
      If an ID is given, other resource arguments should not be given.
    groupName: Resource Id Arguments
  - name: --resource-group -g
    summary: |-
      Name of resource group. You can configure the default group using `az configure --defaults group=<name>`.
  - name: --resource-type
    summary: |-
      The resource type (Ex: 'resC'). Can also accept namespace/type format (Ex: 'Microsoft.Provider/resC').
    groupName: Resource Id Arguments
  globalParameters:
  - name: --debug
    defaultValue: "False"
    summary: |-
      Increase logging verbosity to show all debug logs.
  - name: --help -h
    summary: |-
      Show this help message and exit.
  - name: --only-show-errors
    defaultValue: "False"
    summary: |-
      Only show errors, suppressing warnings.
  - name: --output -o
    defaultValue: json
    acceptedValues: json, jsonc, none, table, tsv, yaml, yamlc
    summary: |-
      Output format.
  - name: --query
    summary: |-
      JMESPath query string. See http://jmespath.org/ for more information and examples.
  - name: --subscription
    summary: |-
      Name or ID of subscription. You can configure the default subscription using `az account set -s NAME_OR_ID`.
  - name: --verbose
    defaultValue: "False"
    summary: |-
      Increase logging verbosity. Use --debug for full debug logs.
- uid: az_resource_lock_list
  name: az resource lock list
  summary: |-
    List lock information in the resource-level.
  status: GA
  sourceType: Core
  editLink: https://github.com/Azure/azure-cli/blob/dev/src/azure-cli/azure/cli/command_modules/resource/_help.py
  syntax: >-
    az resource lock list [--filter-string]
                          [--namespace]
                          [--parent]
                          [--resource --resource-name]
                          [--resource-group]
                          [--resource-type]
  examples:
  - summary: |-
      List out all locks on a vnet
    syntax: az resource lock list -g MyResourceGroup --resource myvnet --resource-type Microsoft.Network/virtualNetworks
  optionalParameters:
  - name: --filter-string
    summary: |-
      A query filter to use to restrict the results.
  - name: --namespace
    summary: |-
      Provider namespace (Ex: 'Microsoft.Provider').
    groupName: Resource Id Arguments
  - name: --parent
    summary: |-
      The parent path (Ex: 'resA/myA/resB/myB').
    groupName: Resource Id Arguments
  - name: --resource --resource-name
    summary: |-
      If an ID is given, other resource arguments should not be given.
    groupName: Resource Id Arguments
  - name: --resource-group -g
    summary: |-
      Name of resource group. You can configure the default group using `az configure --defaults group=<name>`.
  - name: --resource-type
    summary: |-
      The resource type (Ex: 'resC'). Can also accept namespace/type format (Ex: 'Microsoft.Provider/resC').
    groupName: Resource Id Arguments
  globalParameters:
  - name: --debug
    defaultValue: "False"
    summary: |-
      Increase logging verbosity to show all debug logs.
  - name: --help -h
    summary: |-
      Show this help message and exit.
  - name: --only-show-errors
    defaultValue: "False"
    summary: |-
      Only show errors, suppressing warnings.
  - name: --output -o
    defaultValue: json
    acceptedValues: json, jsonc, none, table, tsv, yaml, yamlc
    summary: |-
      Output format.
  - name: --query
    summary: |-
      JMESPath query string. See http://jmespath.org/ for more information and examples.
  - name: --subscription
    summary: |-
      Name or ID of subscription. You can configure the default subscription using `az account set -s NAME_OR_ID`.
  - name: --verbose
    defaultValue: "False"
    summary: |-
      Increase logging verbosity. Use --debug for full debug logs.
- uid: az_resource_lock_show
  name: az resource lock show
  summary: |-
    Show the details of a resource-level lock.
  status: GA
  sourceType: Core
  editLink: https://github.com/Azure/azure-cli/blob/dev/src/azure-cli/azure/cli/command_modules/resource/_help.py
  syntax: >-
    az resource lock show [--ids]
                          [--name]
                          [--namespace]
                          [--parent]
                          [--resource --resource-name]
                          [--resource-group]
                          [--resource-type]
  examples:
  - summary: |-
      Show a resource level lock
    syntax: az resource lock show -n lockname -g MyResourceGroup --resource myvnet --resource-type Microsoft.Network/virtualNetworks
  optionalParameters:
  - name: --ids
    summary: |-
      One or more resource IDs (space-delimited). If provided, no other "Resource Id" arguments should be specified.
  - name: --name -n
    summary: |-
      Name of the lock.
  - name: --namespace
    summary: |-
      Provider namespace (Ex: 'Microsoft.Provider').
    groupName: Resource Id Arguments
  - name: --parent
    summary: |-
      The parent path (Ex: 'resA/myA/resB/myB').
    groupName: Resource Id Arguments
  - name: --resource --resource-name
    summary: |-
      If an ID is given, other resource arguments should not be given.
    groupName: Resource Id Arguments
  - name: --resource-group -g
    summary: |-
      Name of resource group. You can configure the default group using `az configure --defaults group=<name>`.
  - name: --resource-type
    summary: |-
      The resource type (Ex: 'resC'). Can also accept namespace/type format (Ex: 'Microsoft.Provider/resC').
    groupName: Resource Id Arguments
  globalParameters:
  - name: --debug
    defaultValue: "False"
    summary: |-
      Increase logging verbosity to show all debug logs.
  - name: --help -h
    summary: |-
      Show this help message and exit.
  - name: --only-show-errors
    defaultValue: "False"
    summary: |-
      Only show errors, suppressing warnings.
  - name: --output -o
    defaultValue: json
    acceptedValues: json, jsonc, none, table, tsv, yaml, yamlc
    summary: |-
      Output format.
  - name: --query
    summary: |-
      JMESPath query string. See http://jmespath.org/ for more information and examples.
  - name: --subscription
    summary: |-
      Name or ID of subscription. You can configure the default subscription using `az account set -s NAME_OR_ID`.
  - name: --verbose
    defaultValue: "False"
    summary: |-
      Increase logging verbosity. Use --debug for full debug logs.
- uid: az_resource_lock_update
  name: az resource lock update
  summary: |-
    Update a resource-level lock.
  status: GA
  sourceType: Core
  editLink: https://github.com/Azure/azure-cli/blob/dev/src/azure-cli/azure/cli/command_modules/resource/_help.py
  syntax: >-
    az resource lock update [--ids]
                            [--lock-type {CanNotDelete, ReadOnly}]
                            [--name]
                            [--namespace]
                            [--notes]
                            [--parent]
                            [--resource --resource-name]
                            [--resource-group]
                            [--resource-type]
  examples:
  - summary: |-
      Update a resource level lock with new notes and type
    syntax: az resource lock update --name lockName -g MyResourceGroup --resource myvnet --resource-type Microsoft.Network/virtualNetworks --notes newNotesHere --lock-type CanNotDelete
  - summary: |-
      Update a resource-level lock. (autogenerated)
    syntax: az resource lock update --lock-type CanNotDelete --name lockName --namespace Microsoft.Network --resource-group MyResourceGroup --resource-name myvnet --resource-type Microsoft.Network/virtualNetworks
  optionalParameters:
  - name: --ids
    summary: |-
      One or more resource IDs (space-delimited). If provided, no other "Resource Id" arguments should be specified.
  - name: --lock-type -t
    acceptedValues: CanNotDelete, ReadOnly
    summary: |-
      The type of lock restriction.
  - name: --name -n
    summary: |-
      Name of the lock.
  - name: --namespace
    summary: |-
      Provider namespace (Ex: 'Microsoft.Provider').
    groupName: Resource Id Arguments
  - name: --notes
    summary: |-
      Notes about this lock.
  - name: --parent
    summary: |-
      The parent path (Ex: 'resA/myA/resB/myB').
    groupName: Resource Id Arguments
  - name: --resource --resource-name
    summary: |-
      If an ID is given, other resource arguments should not be given.
    groupName: Resource Id Arguments
  - name: --resource-group -g
    summary: |-
      Name of resource group. You can configure the default group using `az configure --defaults group=<name>`.
  - name: --resource-type
    summary: |-
      The resource type (Ex: 'resC'). Can also accept namespace/type format (Ex: 'Microsoft.Provider/resC').
    groupName: Resource Id Arguments
  globalParameters:
  - name: --debug
    defaultValue: "False"
    summary: |-
      Increase logging verbosity to show all debug logs.
  - name: --help -h
    summary: |-
      Show this help message and exit.
  - name: --only-show-errors
    defaultValue: "False"
    summary: |-
      Only show errors, suppressing warnings.
  - name: --output -o
    defaultValue: json
    acceptedValues: json, jsonc, none, table, tsv, yaml, yamlc
    summary: |-
      Output format.
  - name: --query
    summary: |-
      JMESPath query string. See http://jmespath.org/ for more information and examples.
  - name: --subscription
    summary: |-
      Name or ID of subscription. You can configure the default subscription using `az account set -s NAME_OR_ID`.
  - name: --verbose
    defaultValue: "False"
    summary: |-
      Increase logging verbosity. Use --debug for full debug logs.
commands:
- az_resource_lock_create
- az_resource_lock_delete
- az_resource_lock_list
- az_resource_lock_show
- az_resource_lock_update
metadata:
  ms.date: 02/06/2026
  description: Manage Azure resource level locks.
